
Microsoft Visual Studio Solution File, Format Version 12.00
# Visual Studio Version 16
VisualStudioVersion = 16.0.31702.278
MinimumVisualStudioVersion = 10.0.40219.1
Project("{FAE04EC0-301F-11D3-BF4B-00C04F79EFBC}") = "AccountMgt.API", "AccountMgt.API.csproj", "{81D4E709-E628-405C-91CF-2E37BC11EEE3}"
EndProject
Global
	GlobalSection(SolutionConfigurationPlatforms) = preSolution
		Debug|Any CPU = Debug|Any CPU
		Release|Any CPU = Release|Any CPU
	EndGlobalSection
	GlobalSection(ProjectConfigurationPlatforms) = postSolution
		{81D4E709-E628-405C-91CF-2E37BC11EEE3}.Debug|Any CPU.ActiveCfg = Debug|Any CPU
		{81D4E709-E628-405C-91CF-2E37BC11EEE3}.Debug|Any CPU.Build.0 = Debug|Any CPU
		{81D4E709-E628-405C-91CF-2E37BC11EEE3}.Release|Any CPU.ActiveCfg = Release|Any CPU
		{81D4E709-E628-405C-91CF-2E37BC11EEE3}.Release|Any CPU.Build.0 = Release|Any CPU
	EndGlobalSection
	GlobalSection(SolutionProperties) = preSolution
		HideSolutionNode = FALSE
	EndGlobalSection
	GlobalSection(ExtensibilityGlobals) = postSolution
		SolutionGuid = {6F3682F3-35DE-47D5-857B-06C90BB208D7}
	EndGlobalSection
EndGlobal
